// !$*UTF8*$!
{
	archiveVersion = 1;
	classes = {
	};
	objectVersion = 56;
	objects = {

/* Begin PBXBuildFile section */
		A70ED1B02B20390A00EC1950 /* day06.swift in Sources */ = {isa = PBXBuildFile; fileRef = A70ED1AF2B20390A00EC1950 /* day06.swift */; };
		A70ED1B12B20391900EC1950 /* day06.swift in Sources */ = {isa = PBXBuildFile; fileRef = A70ED1AF2B20390A00EC1950 /* day06.swift */; };
		A70ED1B32B20393100EC1950 /* day06test.swift in Sources */ = {isa = PBXBuildFile; fileRef = A70ED1B22B20393100EC1950 /* day06test.swift */; };
		A7B8505A2B1DA1B30092B352 /* day04.swift in Sources */ = {isa = PBXBuildFile; fileRef = A7B850592B1DA1B30092B352 /* day04.swift */; };
		A7B8505B2B1DA1B30092B352 /* day04.swift in Sources */ = {isa = PBXBuildFile; fileRef = A7B850592B1DA1B30092B352 /* day04.swift */; };
		A7B8505D2B1DA1CD0092B352 /* day04test.swift in Sources */ = {isa = PBXBuildFile; fileRef = A7B8505C2B1DA1CD0092B352 /* day04test.swift */; };
		A7B850612B1DB8AD0092B352 /* day04.txt in Resources */ = {isa = PBXBuildFile; fileRef = A7B850602B1DB8AD0092B352 /* day04.txt */; };
		A7C213942B1EE8A500435DEB /* day05test.swift in Sources */ = {isa = PBXBuildFile; fileRef = A7C213932B1EE8A500435DEB /* day05test.swift */; };
		A7C213962B1EE9CB00435DEB /* day05.swift in Sources */ = {isa = PBXBuildFile; fileRef = A7C213952B1EE9CB00435DEB /* day05.swift */; };
		A7C213972B1EEA2000435DEB /* day05.swift in Sources */ = {isa = PBXBuildFile; fileRef = A7C213952B1EE9CB00435DEB /* day05.swift */; };
		A7DEFD7B2B0FE5660068E876 /* main.swift in Sources */ = {isa = PBXBuildFile; fileRef = A7DEFD7A2B0FE5660068E876 /* main.swift */; };
		A7DEFD822B0FE5F10068E876 /* day00.swift in Sources */ = {isa = PBXBuildFile; fileRef = A7DEFD812B0FE5F10068E876 /* day00.swift */; };
		A7DEFD842B0FE7070068E876 /* DailySolution.swift in Sources */ = {isa = PBXBuildFile; fileRef = A7DEFD832B0FE7070068E876 /* DailySolution.swift */; };
		A7DEFD882B19A07E0068E876 /* day01.swift in Sources */ = {isa = PBXBuildFile; fileRef = A7DEFD872B19A07E0068E876 /* day01.swift */; };
		A7DEFD952B19BB190068E876 /* day01test.swift in Sources */ = {isa = PBXBuildFile; fileRef = A7DEFD942B19BB190068E876 /* day01test.swift */; };
		A7DEFD962B19E3110068E876 /* day01.swift in Sources */ = {isa = PBXBuildFile; fileRef = A7DEFD872B19A07E0068E876 /* day01.swift */; };
		A7DEFD972B19E3150068E876 /* day00.swift in Sources */ = {isa = PBXBuildFile; fileRef = A7DEFD812B0FE5F10068E876 /* day00.swift */; };
		A7DEFD982B19E3190068E876 /* main.swift in Sources */ = {isa = PBXBuildFile; fileRef = A7DEFD7A2B0FE5660068E876 /* main.swift */; };
		A7DEFD992B19E31C0068E876 /* DailySolution.swift in Sources */ = {isa = PBXBuildFile; fileRef = A7DEFD832B0FE7070068E876 /* DailySolution.swift */; };
		A7DEFD9C2B1AFA7A0068E876 /* day02.swift in Sources */ = {isa = PBXBuildFile; fileRef = A7DEFD9B2B1AFA7A0068E876 /* day02.swift */; };
		A7DEFD9E2B1B17020068E876 /* day02test.swift in Sources */ = {isa = PBXBuildFile; fileRef = A7DEFD9D2B1B17020068E876 /* day02test.swift */; };
		A7DEFD9F2B1B187A0068E876 /* day02.swift in Sources */ = {isa = PBXBuildFile; fileRef = A7DEFD9B2B1AFA7A0068E876 /* day02.swift */; };
		A7DEFDA32B1C44FB0068E876 /* day03.swift in Sources */ = {isa = PBXBuildFile; fileRef = A7DEFDA22B1C44FB0068E876 /* day03.swift */; };
		A7DEFDA42B1C44FB0068E876 /* day03.swift in Sources */ = {isa = PBXBuildFile; fileRef = A7DEFDA22B1C44FB0068E876 /* day03.swift */; };
		A7DEFDA62B1C458B0068E876 /* day03test.swift in Sources */ = {isa = PBXBuildFile; fileRef = A7DEFDA52B1C458B0068E876 /* day03test.swift */; };
/* End PBXBuildFile section */

/* Begin PBXCopyFilesBuildPhase section */
		A7DEFD752B0FE5660068E876 /* CopyFiles */ = {
			isa = PBXCopyFilesBuildPhase;
			buildActionMask = 2147483647;
			dstPath = /usr/share/man/man1/;
			dstSubfolderSpec = 0;
			files = (
			);
			runOnlyForDeploymentPostprocessing = 1;
		};
/* End PBXCopyFilesBuildPhase section */

/* Begin PBXFileReference section */
		A70ED1AF2B20390A00EC1950 /* day06.swift */ = {isa = PBXFileReference; lastKnownFileType = sourcecode.swift; path = day06.swift; sourceTree = "<group>"; };
		A70ED1B22B20393100EC1950 /* day06test.swift */ = {isa = PBXFileReference; lastKnownFileType = sourcecode.swift; path = day06test.swift; sourceTree = "<group>"; };
		A70ED1B42B2048BF00EC1950 /* day06.txt */ = {isa = PBXFileReference; fileEncoding = 4; lastKnownFileType = text; path = day06.txt; sourceTree = "<group>"; };
		A7B850592B1DA1B30092B352 /* day04.swift */ = {isa = PBXFileReference; lastKnownFileType = sourcecode.swift; path = day04.swift; sourceTree = "<group>"; };
		A7B8505C2B1DA1CD0092B352 /* day04test.swift */ = {isa = PBXFileReference; lastKnownFileType = sourcecode.swift; path = day04test.swift; sourceTree = "<group>"; };
		A7B850602B1DB8AD0092B352 /* day04.txt */ = {isa = PBXFileReference; fileEncoding = 4; lastKnownFileType = text; path = day04.txt; sourceTree = "<group>"; };
		A7C213922B1EE83800435DEB /* day05.txt */ = {isa = PBXFileReference; fileEncoding = 4; lastKnownFileType = text; path = day05.txt; sourceTree = "<group>"; };
		A7C213932B1EE8A500435DEB /* day05test.swift */ = {isa = PBXFileReference; lastKnownFileType = sourcecode.swift; path = day05test.swift; sourceTree = "<group>"; };
		A7C213952B1EE9CB00435DEB /* day05.swift */ = {isa = PBXFileReference; lastKnownFileType = sourcecode.swift; path = day05.swift; sourceTree = "<group>"; };
		A7DEFD772B0FE5660068E876 /* aoc23 */ = {isa = PBXFileReference; explicitFileType = "compiled.mach-o.executable"; includeInIndex = 0; path = aoc23; sourceTree = BUILT_PRODUCTS_DIR; };
		A7DEFD7A2B0FE5660068E876 /* main.swift */ = {isa = PBXFileReference; lastKnownFileType = sourcecode.swift; path = main.swift; sourceTree = "<group>"; };
		A7DEFD812B0FE5F10068E876 /* day00.swift */ = {isa = PBXFileReference; lastKnownFileType = sourcecode.swift; path = day00.swift; sourceTree = "<group>"; };
		A7DEFD832B0FE7070068E876 /* DailySolution.swift */ = {isa = PBXFileReference; lastKnownFileType = sourcecode.swift; path = DailySolution.swift; sourceTree = "<group>"; };
		A7DEFD862B0FEFFC0068E876 /* day00.txt */ = {isa = PBXFileReference; lastKnownFileType = text; path = day00.txt; sourceTree = "<group>"; };
		A7DEFD872B19A07E0068E876 /* day01.swift */ = {isa = PBXFileReference; lastKnownFileType = sourcecode.swift; path = day01.swift; sourceTree = "<group>"; };
		A7DEFD8D2B19BAB50068E876 /* aoc23test.xctest */ = {isa = PBXFileReference; explicitFileType = wrapper.cfbundle; includeInIndex = 0; path = aoc23test.xctest; sourceTree = BUILT_PRODUCTS_DIR; };
		A7DEFD942B19BB190068E876 /* day01test.swift */ = {isa = PBXFileReference; lastKnownFileType = sourcecode.swift; path = day01test.swift; sourceTree = "<group>"; };
		A7DEFD9A2B19E5BD0068E876 /* day01.txt */ = {isa = PBXFileReference; fileEncoding = 4; lastKnownFileType = text; path = day01.txt; sourceTree = "<group>"; };
		A7DEFD9B2B1AFA7A0068E876 /* day02.swift */ = {isa = PBXFileReference; lastKnownFileType = sourcecode.swift; path = day02.swift; sourceTree = "<group>"; };
		A7DEFD9D2B1B17020068E876 /* day02test.swift */ = {isa = PBXFileReference; lastKnownFileType = sourcecode.swift; path = day02test.swift; sourceTree = "<group>"; };
		A7DEFDA02B1B19AA0068E876 /* day02.txt */ = {isa = PBXFileReference; lastKnownFileType = text; path = day02.txt; sourceTree = "<group>"; };
		A7DEFDA12B1C443C0068E876 /* day03.txt */ = {isa = PBXFileReference; lastKnownFileType = text; path = day03.txt; sourceTree = "<group>"; };
		A7DEFDA22B1C44FB0068E876 /* day03.swift */ = {isa = PBXFileReference; lastKnownFileType = sourcecode.swift; path = day03.swift; sourceTree = "<group>"; };
		A7DEFDA52B1C458B0068E876 /* day03test.swift */ = {isa = PBXFileReference; lastKnownFileType = sourcecode.swift; path = day03test.swift; sourceTree = "<group>"; };
/* End PBXFileReference section */

/* Begin PBXFrameworksBuildPhase section */
		A7DEFD742B0FE5660068E876 /* Frameworks */ = {
			isa = PBXFrameworksBuildPhase;
			buildActionMask = 2147483647;
			files = (
			);
			runOnlyForDeploymentPostprocessing = 0;
		};
		A7DEFD8A2B19BAB50068E876 /* Frameworks */ = {
			isa = PBXFrameworksBuildPhase;
			buildActionMask = 2147483647;
			files = (
			);
			runOnlyForDeploymentPostprocessing = 0;
		};
/* End PBXFrameworksBuildPhase section */

/* Begin PBXGroup section */
		A7DEFD6E2B0FE5660068E876 = {
			isa = PBXGroup;
			children = (
				A7DEFD852B0FEFCE0068E876 /* data */,
				A7DEFD792B0FE5660068E876 /* aoc23 */,
				A7DEFD8E2B19BAB50068E876 /* aoc23test */,
				A7DEFD782B0FE5660068E876 /* Products */,
			);
			sourceTree = "<group>";
		};
		A7DEFD782B0FE5660068E876 /* Products */ = {
			isa = PBXGroup;
			children = (
				A7DEFD772B0FE5660068E876 /* aoc23 */,
				A7DEFD8D2B19BAB50068E876 /* aoc23test.xctest */,
			);
			name = Products;
			sourceTree = "<group>";
		};
		A7DEFD792B0FE5660068E876 /* aoc23 */ = {
			isa = PBXGroup;
			children = (
				A7DEFD832B0FE7070068E876 /* DailySolution.swift */,
				A7DEFD7A2B0FE5660068E876 /* main.swift */,
				A7DEFD812B0FE5F10068E876 /* day00.swift */,
				A7DEFD872B19A07E0068E876 /* day01.swift */,
				A7DEFD9B2B1AFA7A0068E876 /* day02.swift */,
				A7DEFDA22B1C44FB0068E876 /* day03.swift */,
				A7B850592B1DA1B30092B352 /* day04.swift */,
				A7C213952B1EE9CB00435DEB /* day05.swift */,
				A70ED1AF2B20390A00EC1950 /* day06.swift */,
			);
			path = aoc23;
			sourceTree = "<group>";
		};
		A7DEFD852B0FEFCE0068E876 /* data */ = {
			isa = PBXGroup;
			children = (
				A7DEFD862B0FEFFC0068E876 /* day00.txt */,
				A7DEFD9A2B19E5BD0068E876 /* day01.txt */,
				A7DEFDA02B1B19AA0068E876 /* day02.txt */,
				A7DEFDA12B1C443C0068E876 /* day03.txt */,
				A7B850602B1DB8AD0092B352 /* day04.txt */,
				A7C213922B1EE83800435DEB /* day05.txt */,
				A70ED1B42B2048BF00EC1950 /* day06.txt */,
			);
			path = data;
			sourceTree = "<group>";
		};
		A7DEFD8E2B19BAB50068E876 /* aoc23test */ = {
			isa = PBXGroup;
			children = (
				A7DEFD942B19BB190068E876 /* day01test.swift */,
				A7DEFD9D2B1B17020068E876 /* day02test.swift */,
				A7DEFDA52B1C458B0068E876 /* day03test.swift */,
				A7B8505C2B1DA1CD0092B352 /* day04test.swift */,
				A7C213932B1EE8A500435DEB /* day05test.swift */,
				A70ED1B22B20393100EC1950 /* day06test.swift */,
			);
			path = aoc23test;
			sourceTree = "<group>";
		};
/* End PBXGroup section */

/* Begin PBXNativeTarget section */
		A7DEFD762B0FE5660068E876 /* aoc23 */ = {
			isa = PBXNativeTarget;
			buildConfigurationList = A7DEFD7E2B0FE5660068E876 /* Build configuration list for PBXNativeTarget "aoc23" */;
			buildPhases = (
				A7DEFD732B0FE5660068E876 /* Sources */,
				A7DEFD742B0FE5660068E876 /* Frameworks */,
				A7DEFD752B0FE5660068E876 /* CopyFiles */,
			);
			buildRules = (
			);
			dependencies = (
			);
			name = aoc23;
			productName = aoc23;
			productReference = A7DEFD772B0FE5660068E876 /* aoc23 */;
			productType = "com.apple.product-type.tool";
		};
		A7DEFD8C2B19BAB50068E876 /* aoc23test */ = {
			isa = PBXNativeTarget;
			buildConfigurationList = A7DEFD912B19BAB50068E876 /* Build configuration list for PBXNativeTarget "aoc23test" */;
			buildPhases = (
				A7DEFD892B19BAB50068E876 /* Sources */,
				A7DEFD8A2B19BAB50068E876 /* Frameworks */,
				A7DEFD8B2B19BAB50068E876 /* Resources */,
			);
			buildRules = (
			);
			dependencies = (
			);
			name = aoc23test;
			productName = aoc23test;
			productReference = A7DEFD8D2B19BAB50068E876 /* aoc23test.xctest */;
			productType = "com.apple.product-type.bundle.unit-test";
		};
/* End PBXNativeTarget section */

/* Begin PBXProject section */
		A7DEFD6F2B0FE5660068E876 /* Project object */ = {
			isa = PBXProject;
			attributes = {
				BuildIndependentTargetsInParallel = 1;
				LastSwiftUpdateCheck = 1430;
				LastUpgradeCheck = 1500;
				TargetAttributes = {
					A7DEFD762B0FE5660068E876 = {
						CreatedOnToolsVersion = 14.3.1;
					};
					A7DEFD8C2B19BAB50068E876 = {
						CreatedOnToolsVersion = 14.3.1;
					};
				};
			};
			buildConfigurationList = A7DEFD722B0FE5660068E876 /* Build configuration list for PBXProject "aoc23" */;
			compatibilityVersion = "Xcode 14.0";
			developmentRegion = en;
			hasScannedForEncodings = 0;
			knownRegions = (
				en,
				Base,
			);
			mainGroup = A7DEFD6E2B0FE5660068E876;
			productRefGroup = A7DEFD782B0FE5660068E876 /* Products */;
			projectDirPath = "";
			projectRoot = "";
			targets = (
				A7DEFD762B0FE5660068E876 /* aoc23 */,
				A7DEFD8C2B19BAB50068E876 /* aoc23test */,
			);
		};
/* End PBXProject section */

/* Begin PBXResourcesBuildPhase section */
		A7DEFD8B2B19BAB50068E876 /* Resources */ = {
			isa = PBXResourcesBuildPhase;
			buildActionMask = 2147483647;
			files = (
				A7B850612B1DB8AD0092B352 /* day04.txt in Resources */,
			);
			runOnlyForDeploymentPostprocessing = 0;
		};
/* End PBXResourcesBuildPhase section */

/* Begin PBXSourcesBuildPhase section */
		A7DEFD732B0FE5660068E876 /* Sources */ = {
			isa = PBXSourcesBuildPhase;
			buildActionMask = 2147483647;
			files = (
				A7B8505A2B1DA1B30092B352 /* day04.swift in Sources */,
				A7C213962B1EE9CB00435DEB /* day05.swift in Sources */,
				A70ED1B02B20390A00EC1950 /* day06.swift in Sources */,
				A7DEFD822B0FE5F10068E876 /* day00.swift in Sources */,
				A7DEFD9C2B1AFA7A0068E876 /* day02.swift in Sources */,
				A7DEFD882B19A07E0068E876 /* day01.swift in Sources */,
				A7DEFD7B2B0FE5660068E876 /* main.swift in Sources */,
				A7DEFD842B0FE7070068E876 /* DailySolution.swift in Sources */,
				A7DEFDA32B1C44FB0068E876 /* day03.swift in Sources */,
			);
			runOnlyForDeploymentPostprocessing = 0;
		};
		A7DEFD892B19BAB50068E876 /* Sources */ = {
			isa = PBXSourcesBuildPhase;
			buildActionMask = 2147483647;
			files = (
				A7DEFD992B19E31C0068E876 /* DailySolution.swift in Sources */,
				A7B8505D2B1DA1CD0092B352 /* day04test.swift in Sources */,
				A7DEFD952B19BB190068E876 /* day01test.swift in Sources */,
				A7DEFD962B19E3110068E876 /* day01.swift in Sources */,
				A7DEFDA62B1C458B0068E876 /* day03test.swift in Sources */,
				A7DEFD982B19E3190068E876 /* main.swift in Sources */,
				A7DEFD9F2B1B187A0068E876 /* day02.swift in Sources */,
				A7DEFD9E2B1B17020068E876 /* day02test.swift in Sources */,
				A7DEFD972B19E3150068E876 /* day00.swift in Sources */,
				A7C213972B1EEA2000435DEB /* day05.swift in Sources */,
				A70ED1B12B20391900EC1950 /* day06.swift in Sources */,
				A7C213942B1EE8A500435DEB /* day05test.swift in Sources */,
				A7B8505B2B1DA1B30092B352 /* day04.swift in Sources */,
				A7DEFDA42B1C44FB0068E876 /* day03.swift in Sources */,
				A70ED1B32B20393100EC1950 /* day06test.swift in Sources */,
			);
			runOnlyForDeploymentPostprocessing = 0;
		};
/* End PBXSourcesBuildPhase section */

/* Begin XCBuildConfiguration section */
		A7DEFD7C2B0FE5660068E876 /* Debug */ = {
			isa = XCBuildConfiguration;
			buildSettings = {
				ALWAYS_SEARCH_USER_PATHS = NO;
				CLANG_ANALYZER_NONNULL = YES;
				CLANG_ANALYZER_NUMBER_OBJECT_CONVERSION = YES_AGGRESSIVE;
				CLANG_CXX_LANGUAGE_STANDARD = "gnu++20";
				CLANG_ENABLE_MODULES = YES;
				CLANG_ENABLE_OBJC_ARC = YES;
				CLANG_ENABLE_OBJC_WEAK = YES;
				CLANG_WARN_BLOCK_CAPTURE_AUTORELEASING = YES;
				CLANG_WARN_BOOL_CONVERSION = YES;
				CLANG_WARN_COMMA = YES;
				CLANG_WARN_CONSTANT_CONVERSION = YES;
				CLANG_WARN_DEPRECATED_OBJC_IMPLEMENTATIONS = YES;
				CLANG_WARN_DIRECT_OBJC_ISA_USAGE = YES_ERROR;
				CLANG_WARN_DOCUMENTATION_COMMENTS = YES;
				CLANG_WARN_EMPTY_BODY = YES;
				CLANG_WARN_ENUM_CONVERSION = YES;
				CLANG_WARN_INFINITE_RECURSION = YES;
				CLANG_WARN_INT_CONVERSION = YES;
				CLANG_WARN_NON_LITERAL_NULL_CONVERSION = YES;
				CLANG_WARN_OBJC_IMPLICIT_RETAIN_SELF = YES;
				CLANG_WARN_OBJC_LITERAL_CONVERSION = YES;
				CLANG_WARN_OBJC_ROOT_CLASS = YES_ERROR;
				CLANG_WARN_QUOTED_INCLUDE_IN_FRAMEWORK_HEADER = YES;
				CLANG_WARN_RANGE_LOOP_ANALYSIS = YES;
				CLANG_WARN_STRICT_PROTOTYPES = YES;
				CLANG_WARN_SUSPICIOUS_MOVE = YES;
				CLANG_WARN_UNGUARDED_AVAILABILITY = YES_AGGRESSIVE;
				CLANG_WARN_UNREACHABLE_CODE = YES;
				CLANG_WARN__DUPLICATE_METHOD_MATCH = YES;
				COPY_PHASE_STRIP = NO;
				DEAD_CODE_STRIPPING = YES;
				DEBUG_INFORMATION_FORMAT = dwarf;
				ENABLE_STRICT_OBJC_MSGSEND = YES;
				ENABLE_TESTABILITY = YES;
				ENABLE_USER_SCRIPT_SANDBOXING = YES;
				GCC_C_LANGUAGE_STANDARD = gnu11;
				GCC_DYNAMIC_NO_PIC = NO;
				GCC_NO_COMMON_BLOCKS = YES;
				GCC_OPTIMIZATION_LEVEL = 0;
				GCC_PREPROCESSOR_DEFINITIONS = (
					"DEBUG=1",
					"$(inherited)",
				);
				GCC_WARN_64_TO_32_BIT_CONVERSION = YES;
				GCC_WARN_ABOUT_RETURN_TYPE = YES_ERROR;
				GCC_WARN_UNDECLARED_SELECTOR = YES;
				GCC_WARN_UNINITIALIZED_AUTOS = YES_AGGRESSIVE;
				GCC_WARN_UNUSED_FUNCTION = YES;
				GCC_WARN_UNUSED_VARIABLE = YES;
				MACOSX_DEPLOYMENT_TARGET = 13.2;
				MTL_ENABLE_DEBUG_INFO = INCLUDE_SOURCE;
				MTL_FAST_MATH = YES;
				ONLY_ACTIVE_ARCH = YES;
				SDKROOT = macosx;
				SWIFT_ACTIVE_COMPILATION_CONDITIONS = DEBUG;
				SWIFT_OPTIMIZATION_LEVEL = "-Onone";
			};
			name = Debug;
		};
		A7DEFD7D2B0FE5660068E876 /* Release */ = {
			isa = XCBuildConfiguration;
			buildSettings = {
				ALWAYS_SEARCH_USER_PATHS = NO;
				CLANG_ANALYZER_NONNULL = YES;
				CLANG_ANALYZER_NUMBER_OBJECT_CONVERSION = YES_AGGRESSIVE;
				CLANG_CXX_LANGUAGE_STANDARD = "gnu++20";
				CLANG_ENABLE_MODULES = YES;
				CLANG_ENABLE_OBJC_ARC = YES;
				CLANG_ENABLE_OBJC_WEAK = YES;
				CLANG_WARN_BLOCK_CAPTURE_AUTORELEASING = YES;
				CLANG_WARN_BOOL_CONVERSION = YES;
				CLANG_WARN_COMMA = YES;
				CLANG_WARN_CONSTANT_CONVERSION = YES;
				CLANG_WARN_DEPRECATED_OBJC_IMPLEMENTATIONS = YES;
				CLANG_WARN_DIRECT_OBJC_ISA_USAGE = YES_ERROR;
				CLANG_WARN_DOCUMENTATION_COMMENTS = YES;
				CLANG_WARN_EMPTY_BODY = YES;
				CLANG_WARN_ENUM_CONVERSION = YES;
				CLANG_WARN_INFINITE_RECURSION = YES;
				CLANG_WARN_INT_CONVERSION = YES;
				CLANG_WARN_NON_LITERAL_NULL_CONVERSION = YES;
				CLANG_WARN_OBJC_IMPLICIT_RETAIN_SELF = YES;
				CLANG_WARN_OBJC_LITERAL_CONVERSION = YES;
				CLANG_WARN_OBJC_ROOT_CLASS = YES_ERROR;
				CLANG_WARN_QUOTED_INCLUDE_IN_FRAMEWORK_HEADER = YES;
				CLANG_WARN_RANGE_LOOP_ANALYSIS = YES;
				CLANG_WARN_STRICT_PROTOTYPES = YES;
				CLANG_WARN_SUSPICIOUS_MOVE = YES;
				CLANG_WARN_UNGUARDED_AVAILABILITY = YES_AGGRESSIVE;
				CLANG_WARN_UNREACHABLE_CODE = YES;
				CLANG_WARN__DUPLICATE_METHOD_MATCH = YES;
				COPY_PHASE_STRIP = NO;
				DEAD_CODE_STRIPPING = YES;
				DEBUG_INFORMATION_FORMAT = "dwarf-with-dsym";
				ENABLE_NS_ASSERTIONS = NO;
				ENABLE_STRICT_OBJC_MSGSEND = YES;
				ENABLE_USER_SCRIPT_SANDBOXING = YES;
				GCC_C_LANGUAGE_STANDARD = gnu11;
				GCC_NO_COMMON_BLOCKS = YES;
				GCC_WARN_64_TO_32_BIT_CONVERSION = YES;
				GCC_WARN_ABOUT_RETURN_TYPE = YES_ERROR;
				GCC_WARN_UNDECLARED_SELECTOR = YES;
				GCC_WARN_UNINITIALIZED_AUTOS = YES_AGGRESSIVE;
				GCC_WARN_UNUSED_FUNCTION = YES;
				GCC_WARN_UNUSED_VARIABLE = YES;
				MACOSX_DEPLOYMENT_TARGET = 13.2;
				MTL_ENABLE_DEBUG_INFO = NO;
				MTL_FAST_MATH = YES;
				SDKROOT = macosx;
				SWIFT_COMPILATION_MODE = wholemodule;
				SWIFT_OPTIMIZATION_LEVEL = "-O";
			};
			name = Release;
		};
		A7DEFD7F2B0FE5660068E876 /* Debug */ = {
			isa = XCBuildConfiguration;
			buildSettings = {
				CODE_SIGN_STYLE = Automatic;
				DEAD_CODE_STRIPPING = YES;
				DEVELOPMENT_TEAM = 86BMXGB2YM;
				ENABLE_HARDENED_RUNTIME = YES;
				MACOSX_DEPLOYMENT_TARGET = 13.0;
				PRODUCT_NAME = "$(TARGET_NAME)";
				SWIFT_VERSION = 5.0;
			};
			name = Debug;
		};
		A7DEFD802B0FE5660068E876 /* Release */ = {
			isa = XCBuildConfiguration;
			buildSettings = {
				CODE_SIGN_STYLE = Automatic;
				DEAD_CODE_STRIPPING = YES;
				DEVELOPMENT_TEAM = 86BMXGB2YM;
				ENABLE_HARDENED_RUNTIME = YES;
				MACOSX_DEPLOYMENT_TARGET = 13.0;
				PRODUCT_NAME = "$(TARGET_NAME)";
				SWIFT_VERSION = 5.0;
			};
			name = Release;
		};
		A7DEFD922B19BAB50068E876 /* Debug */ = {
			isa = XCBuildConfiguration;
			buildSettings = {
				CODE_SIGN_STYLE = Automatic;
				CURRENT_PROJECT_VERSION = 1;
				DEAD_CODE_STRIPPING = YES;
				DEVELOPMENT_TEAM = 86BMXGB2YM;
				GENERATE_INFOPLIST_FILE = YES;
				MARKETING_VERSION = 1.0;
				PRODUCT_BUNDLE_IDENTIFIER = de.dokoliho.aoc23test;
				PRODUCT_NAME = "$(TARGET_NAME)";
				SWIFT_EMIT_LOC_STRINGS = NO;
				SWIFT_VERSION = 5.0;
			};
			name = Debug;
		};
		A7DEFD932B19BAB50068E876 /* Release */ = {
			isa = XCBuildConfiguration;
			buildSettings = {
				CODE_SIGN_STYLE = Automatic;
				CURRENT_PROJECT_VERSION = 1;
				DEAD_CODE_STRIPPING = YES;
				DEVELOPMENT_TEAM = 86BMXGB2YM;
				GENERATE_INFOPLIST_FILE = YES;
				MARKETING_VERSION = 1.0;
				PRODUCT_BUNDLE_IDENTIFIER = de.dokoliho.aoc23test;
				PRODUCT_NAME = "$(TARGET_NAME)";
				SWIFT_EMIT_LOC_STRINGS = NO;
				SWIFT_VERSION = 5.0;
			};
			name = Release;
		};
/* End XCBuildConfiguration section */

/* Begin XCConfigurationList section */
		A7DEFD722B0FE5660068E876 /* Build configuration list for PBXProject "aoc23" */ = {
			isa = XCConfigurationList;
			buildConfigurations = (
				A7DEFD7C2B0FE5660068E876 /* Debug */,
				A7DEFD7D2B0FE5660068E876 /* Release */,
			);
			defaultConfigurationIsVisible = 0;
			defaultConfigurationName = Release;
		};
		A7DEFD7E2B0FE5660068E876 /* Build configuration list for PBXNativeTarget "aoc23" */ = {
			isa = XCConfigurationList;
			buildConfigurations = (
				A7DEFD7F2B0FE5660068E876 /* Debug */,
				A7DEFD802B0FE5660068E876 /* Release */,
			);
			defaultConfigurationIsVisible = 0;
			defaultConfigurationName = Release;
		};
		A7DEFD912B19BAB50068E876 /* Build configuration list for PBXNativeTarget "aoc23test" */ = {
			isa = XCConfigurationList;
			buildConfigurations = (
				A7DEFD922B19BAB50068E876 /* Debug */,
				A7DEFD932B19BAB50068E876 /* Release */,
			);
			defaultConfigurationIsVisible = 0;
			defaultConfigurationName = Release;
		};
/* End XCConfigurationList section */
	};
	rootObject = A7DEFD6F2B0FE5660068E876 /* Project object */;
}
