// !$*UTF8*$!
{
	archiveVersion = 1;
	classes = {
	};
	objectVersion = 56;
	objects = {

/* Begin PBXBuildFile section */
		A70ED1B02B20390A00EC1950 /* day06.swift in Sources */ = {isa = PBXBuildFile; fileRef = A70ED1AF2B20390A00EC1950 /* day06.swift */; };
		A70ED1B12B20391900EC1950 /* day06.swift in Sources */ = {isa = PBXBuildFile; fileRef = A70ED1AF2B20390A00EC1950 /* day06.swift */; };
		A70ED1B32B20393100EC1950 /* day06test.swift in Sources */ = {isa = PBXBuildFile; fileRef = A70ED1B22B20393100EC1950 /* day06test.swift */; };
		A745B49A2B2AB9BF00B81F55 /* day10.swift in Sources */ = {isa = PBXBuildFile; fileRef = A745B4932B2AB9BF00B81F55 /* day10.swift */; };
		A745B49B2B2AB9BF00B81F55 /* day07.swift in Sources */ = {isa = PBXBuildFile; fileRef = A745B4942B2AB9BF00B81F55 /* day07.swift */; };
		A745B49C2B2AB9BF00B81F55 /* day08.swift in Sources */ = {isa = PBXBuildFile; fileRef = A745B4952B2AB9BF00B81F55 /* day08.swift */; };
		A745B49D2B2AB9BF00B81F55 /* day09.swift in Sources */ = {isa = PBXBuildFile; fileRef = A745B4962B2AB9BF00B81F55 /* day09.swift */; };
		A745B49E2B2AB9BF00B81F55 /* day11.swift in Sources */ = {isa = PBXBuildFile; fileRef = A745B4972B2AB9BF00B81F55 /* day11.swift */; };
		A745B49F2B2AB9BF00B81F55 /* day12.swift in Sources */ = {isa = PBXBuildFile; fileRef = A745B4982B2AB9BF00B81F55 /* day12.swift */; };
		A745B4A02B2AB9BF00B81F55 /* day13.swift in Sources */ = {isa = PBXBuildFile; fileRef = A745B4992B2AB9BF00B81F55 /* day13.swift */; };
		A745B4A92B2AB9E400B81F55 /* day09test.swift in Sources */ = {isa = PBXBuildFile; fileRef = A745B4A12B2AB9E400B81F55 /* day09test.swift */; };
		A745B4AA2B2AB9E400B81F55 /* day08test.swift in Sources */ = {isa = PBXBuildFile; fileRef = A745B4A22B2AB9E400B81F55 /* day08test.swift */; };
		A745B4AB2B2AB9E400B81F55 /* day13test.swift in Sources */ = {isa = PBXBuildFile; fileRef = A745B4A32B2AB9E400B81F55 /* day13test.swift */; };
		A745B4AC2B2AB9E400B81F55 /* day12test.swift in Sources */ = {isa = PBXBuildFile; fileRef = A745B4A42B2AB9E400B81F55 /* day12test.swift */; };
		A745B4AD2B2AB9E400B81F55 /* day07test.swift in Sources */ = {isa = PBXBuildFile; fileRef = A745B4A52B2AB9E400B81F55 /* day07test.swift */; };
		A745B4AE2B2AB9E400B81F55 /* day11test.swift in Sources */ = {isa = PBXBuildFile; fileRef = A745B4A62B2AB9E400B81F55 /* day11test.swift */; };
		A745B4AF2B2AB9E400B81F55 /* day14test.swift in Sources */ = {isa = PBXBuildFile; fileRef = A745B4A72B2AB9E400B81F55 /* day14test.swift */; };
		A745B4B02B2AB9E400B81F55 /* day10test.swift in Sources */ = {isa = PBXBuildFile; fileRef = A745B4A82B2AB9E400B81F55 /* day10test.swift */; };
		A745B4B12B2AB9FB00B81F55 /* day08.swift in Sources */ = {isa = PBXBuildFile; fileRef = A745B4952B2AB9BF00B81F55 /* day08.swift */; };
		A745B4B22B2AB9FB00B81F55 /* day13.swift in Sources */ = {isa = PBXBuildFile; fileRef = A745B4992B2AB9BF00B81F55 /* day13.swift */; };
		A745B4B32B2AB9FB00B81F55 /* day07.swift in Sources */ = {isa = PBXBuildFile; fileRef = A745B4942B2AB9BF00B81F55 /* day07.swift */; };
		A745B4B42B2AB9FB00B81F55 /* day10.swift in Sources */ = {isa = PBXBuildFile; fileRef = A745B4932B2AB9BF00B81F55 /* day10.swift */; };
		A745B4B52B2AB9FB00B81F55 /* day09.swift in Sources */ = {isa = PBXBuildFile; fileRef = A745B4962B2AB9BF00B81F55 /* day09.swift */; };
		A745B4B62B2AB9FB00B81F55 /* day12.swift in Sources */ = {isa = PBXBuildFile; fileRef = A745B4982B2AB9BF00B81F55 /* day12.swift */; };
		A745B4B72B2AB9FB00B81F55 /* day11.swift in Sources */ = {isa = PBXBuildFile; fileRef = A745B4972B2AB9BF00B81F55 /* day11.swift */; };
		A75CB8E22B340E790010F952 /* day21.swift in Sources */ = {isa = PBXBuildFile; fileRef = A75CB8E12B340E790010F952 /* day21.swift */; };
		A75CB8E42B340E940010F952 /* day21test.swift in Sources */ = {isa = PBXBuildFile; fileRef = A75CB8E32B340E940010F952 /* day21test.swift */; };
		A75CB8E52B340EA30010F952 /* day21.swift in Sources */ = {isa = PBXBuildFile; fileRef = A75CB8E12B340E790010F952 /* day21.swift */; };
		A76416A02B2AC4E10037D636 /* day14.swift in Sources */ = {isa = PBXBuildFile; fileRef = A764169F2B2AC4E10037D636 /* day14.swift */; };
		A76416A12B2AC5B20037D636 /* day14.swift in Sources */ = {isa = PBXBuildFile; fileRef = A764169F2B2AC4E10037D636 /* day14.swift */; };
		A76416A52B2C138C0037D636 /* day15.swift in Sources */ = {isa = PBXBuildFile; fileRef = A76416A42B2C138C0037D636 /* day15.swift */; };
		A76416A62B2C138C0037D636 /* day15.swift in Sources */ = {isa = PBXBuildFile; fileRef = A76416A42B2C138C0037D636 /* day15.swift */; };
		A76416A82B2C13A90037D636 /* day15test.swift in Sources */ = {isa = PBXBuildFile; fileRef = A76416A72B2C13A90037D636 /* day15test.swift */; };
		A76416AA2B2C16250037D636 /* day15.txt in Resources */ = {isa = PBXBuildFile; fileRef = A76416A92B2C16250037D636 /* day15.txt */; };
		A76416AC2B2D77540037D636 /* day16.swift in Sources */ = {isa = PBXBuildFile; fileRef = A76416AB2B2D77540037D636 /* day16.swift */; };
		A76416AD2B2D77540037D636 /* day16.swift in Sources */ = {isa = PBXBuildFile; fileRef = A76416AB2B2D77540037D636 /* day16.swift */; };
		A76416AF2B2D77CF0037D636 /* day16test.swift in Sources */ = {isa = PBXBuildFile; fileRef = A76416AE2B2D77CF0037D636 /* day16test.swift */; };
		A76416B12B2D8A470037D636 /* day16.txt in Resources */ = {isa = PBXBuildFile; fileRef = A76416B02B2D8A470037D636 /* day16.txt */; };
		A76416B42B2EB44D0037D636 /* day17.swift in Sources */ = {isa = PBXBuildFile; fileRef = A76416B32B2EB44D0037D636 /* day17.swift */; };
		A76416B52B2EB44D0037D636 /* day17.swift in Sources */ = {isa = PBXBuildFile; fileRef = A76416B32B2EB44D0037D636 /* day17.swift */; };
		A76416B72B2EB46B0037D636 /* day17test.swift in Sources */ = {isa = PBXBuildFile; fileRef = A76416B62B2EB46B0037D636 /* day17test.swift */; };
		A76416B92B2EBA040037D636 /* day17.txt in Resources */ = {isa = PBXBuildFile; fileRef = A76416B82B2EBA040037D636 /* day17.txt */; };
		A7B8505A2B1DA1B30092B352 /* day04.swift in Sources */ = {isa = PBXBuildFile; fileRef = A7B850592B1DA1B30092B352 /* day04.swift */; };
		A7B8505B2B1DA1B30092B352 /* day04.swift in Sources */ = {isa = PBXBuildFile; fileRef = A7B850592B1DA1B30092B352 /* day04.swift */; };
		A7B8505D2B1DA1CD0092B352 /* day04test.swift in Sources */ = {isa = PBXBuildFile; fileRef = A7B8505C2B1DA1CD0092B352 /* day04test.swift */; };
		A7B850612B1DB8AD0092B352 /* day04.txt in Resources */ = {isa = PBXBuildFile; fileRef = A7B850602B1DB8AD0092B352 /* day04.txt */; };
		A7C213942B1EE8A500435DEB /* day05test.swift in Sources */ = {isa = PBXBuildFile; fileRef = A7C213932B1EE8A500435DEB /* day05test.swift */; };
		A7C213962B1EE9CB00435DEB /* day05.swift in Sources */ = {isa = PBXBuildFile; fileRef = A7C213952B1EE9CB00435DEB /* day05.swift */; };
		A7C213972B1EEA2000435DEB /* day05.swift in Sources */ = {isa = PBXBuildFile; fileRef = A7C213952B1EE9CB00435DEB /* day05.swift */; };
		A7C341922B300C4000EA310A /* day18.swift in Sources */ = {isa = PBXBuildFile; fileRef = A7C341912B300C4000EA310A /* day18.swift */; };
		A7C341942B300C9600EA310A /* day18test.swift in Sources */ = {isa = PBXBuildFile; fileRef = A7C341932B300C9600EA310A /* day18test.swift */; };
		A7C341952B300CA300EA310A /* day18.swift in Sources */ = {isa = PBXBuildFile; fileRef = A7C341912B300C4000EA310A /* day18.swift */; };
		A7C341982B316D1100EA310A /* day19.swift in Sources */ = {isa = PBXBuildFile; fileRef = A7C341972B316D1100EA310A /* day19.swift */; };
		A7C341992B316D1100EA310A /* day19.swift in Sources */ = {isa = PBXBuildFile; fileRef = A7C341972B316D1100EA310A /* day19.swift */; };
		A7C3419B2B316D2C00EA310A /* day19test.swift in Sources */ = {isa = PBXBuildFile; fileRef = A7C3419A2B316D2C00EA310A /* day19test.swift */; };
		A7C3419F2B32BE3700EA310A /* day20.swift in Sources */ = {isa = PBXBuildFile; fileRef = A7C3419E2B32BE3700EA310A /* day20.swift */; };
		A7C341A02B32BE3700EA310A /* day20.swift in Sources */ = {isa = PBXBuildFile; fileRef = A7C3419E2B32BE3700EA310A /* day20.swift */; };
		A7C341A22B32BE5600EA310A /* day20test.swift in Sources */ = {isa = PBXBuildFile; fileRef = A7C341A12B32BE5600EA310A /* day20test.swift */; };
		A7DEFD7B2B0FE5660068E876 /* main.swift in Sources */ = {isa = PBXBuildFile; fileRef = A7DEFD7A2B0FE5660068E876 /* main.swift */; };
		A7DEFD822B0FE5F10068E876 /* day00.swift in Sources */ = {isa = PBXBuildFile; fileRef = A7DEFD812B0FE5F10068E876 /* day00.swift */; };
		A7DEFD842B0FE7070068E876 /* DailySolution.swift in Sources */ = {isa = PBXBuildFile; fileRef = A7DEFD832B0FE7070068E876 /* DailySolution.swift */; };
		A7DEFD882B19A07E0068E876 /* day01.swift in Sources */ = {isa = PBXBuildFile; fileRef = A7DEFD872B19A07E0068E876 /* day01.swift */; };
		A7DEFD952B19BB190068E876 /* day01test.swift in Sources */ = {isa = PBXBuildFile; fileRef = A7DEFD942B19BB190068E876 /* day01test.swift */; };
		A7DEFD962B19E3110068E876 /* day01.swift in Sources */ = {isa = PBXBuildFile; fileRef = A7DEFD872B19A07E0068E876 /* day01.swift */; };
		A7DEFD972B19E3150068E876 /* day00.swift in Sources */ = {isa = PBXBuildFile; fileRef = A7DEFD812B0FE5F10068E876 /* day00.swift */; };
		A7DEFD982B19E3190068E876 /* main.swift in Sources */ = {isa = PBXBuildFile; fileRef = A7DEFD7A2B0FE5660068E876 /* main.swift */; };
		A7DEFD992B19E31C0068E876 /* DailySolution.swift in Sources */ = {isa = PBXBuildFile; fileRef = A7DEFD832B0FE7070068E876 /* DailySolution.swift */; };
		A7DEFD9C2B1AFA7A0068E876 /* day02.swift in Sources */ = {isa = PBXBuildFile; fileRef = A7DEFD9B2B1AFA7A0068E876 /* day02.swift */; };
		A7DEFD9E2B1B17020068E876 /* day02test.swift in Sources */ = {isa = PBXBuildFile; fileRef = A7DEFD9D2B1B17020068E876 /* day02test.swift */; };
		A7DEFD9F2B1B187A0068E876 /* day02.swift in Sources */ = {isa = PBXBuildFile; fileRef = A7DEFD9B2B1AFA7A0068E876 /* day02.swift */; };
		A7DEFDA32B1C44FB0068E876 /* day03.swift in Sources */ = {isa = PBXBuildFile; fileRef = A7DEFDA22B1C44FB0068E876 /* day03.swift */; };
		A7DEFDA42B1C44FB0068E876 /* day03.swift in Sources */ = {isa = PBXBuildFile; fileRef = A7DEFDA22B1C44FB0068E876 /* day03.swift */; };
		A7DEFDA62B1C458B0068E876 /* day03test.swift in Sources */ = {isa = PBXBuildFile; fileRef = A7DEFDA52B1C458B0068E876 /* day03test.swift */; };
/* End PBXBuildFile section */

/* Begin PBXCopyFilesBuildPhase section */
		A7DEFD752B0FE5660068E876 /* CopyFiles */ = {
			isa = PBXCopyFilesBuildPhase;
			buildActionMask = 2147483647;
			dstPath = /usr/share/man/man1/;
			dstSubfolderSpec = 0;
			files = (
			);
			runOnlyForDeploymentPostprocessing = 1;
		};
/* End PBXCopyFilesBuildPhase section */

/* Begin PBXFileReference section */
		A70ED1AF2B20390A00EC1950 /* day06.swift */ = {isa = PBXFileReference; lastKnownFileType = sourcecode.swift; path = day06.swift; sourceTree = "<group>"; };
		A70ED1B22B20393100EC1950 /* day06test.swift */ = {isa = PBXFileReference; lastKnownFileType = sourcecode.swift; path = day06test.swift; sourceTree = "<group>"; };
		A70ED1B42B2048BF00EC1950 /* day06.txt */ = {isa = PBXFileReference; fileEncoding = 4; lastKnownFileType = text; path = day06.txt; sourceTree = "<group>"; };
		A745B48C2B2AB9B000B81F55 /* day13.txt */ = {isa = PBXFileReference; lastKnownFileType = text; path = day13.txt; sourceTree = "<group>"; };
		A745B48D2B2AB9B000B81F55 /* day11.txt */ = {isa = PBXFileReference; lastKnownFileType = text; path = day11.txt; sourceTree = "<group>"; };
		A745B48E2B2AB9B000B81F55 /* day09.txt */ = {isa = PBXFileReference; lastKnownFileType = text; path = day09.txt; sourceTree = "<group>"; };
		A745B48F2B2AB9B000B81F55 /* day10.txt */ = {isa = PBXFileReference; lastKnownFileType = text; path = day10.txt; sourceTree = "<group>"; };
		A745B4902B2AB9B000B81F55 /* day08.txt */ = {isa = PBXFileReference; lastKnownFileType = text; path = day08.txt; sourceTree = "<group>"; };
		A745B4912B2AB9B000B81F55 /* day12.txt */ = {isa = PBXFileReference; lastKnownFileType = text; path = day12.txt; sourceTree = "<group>"; };
		A745B4922B2AB9B000B81F55 /* day07.txt */ = {isa = PBXFileReference; lastKnownFileType = text; path = day07.txt; sourceTree = "<group>"; };
		A745B4932B2AB9BF00B81F55 /* day10.swift */ = {isa = PBXFileReference; fileEncoding = 4; lastKnownFileType = sourcecode.swift; path = day10.swift; sourceTree = "<group>"; };
		A745B4942B2AB9BF00B81F55 /* day07.swift */ = {isa = PBXFileReference; fileEncoding = 4; lastKnownFileType = sourcecode.swift; path = day07.swift; sourceTree = "<group>"; };
		A745B4952B2AB9BF00B81F55 /* day08.swift */ = {isa = PBXFileReference; fileEncoding = 4; lastKnownFileType = sourcecode.swift; path = day08.swift; sourceTree = "<group>"; };
		A745B4962B2AB9BF00B81F55 /* day09.swift */ = {isa = PBXFileReference; fileEncoding = 4; lastKnownFileType = sourcecode.swift; path = day09.swift; sourceTree = "<group>"; };
		A745B4972B2AB9BF00B81F55 /* day11.swift */ = {isa = PBXFileReference; fileEncoding = 4; lastKnownFileType = sourcecode.swift; path = day11.swift; sourceTree = "<group>"; };
		A745B4982B2AB9BF00B81F55 /* day12.swift */ = {isa = PBXFileReference; fileEncoding = 4; lastKnownFileType = sourcecode.swift; path = day12.swift; sourceTree = "<group>"; };
		A745B4992B2AB9BF00B81F55 /* day13.swift */ = {isa = PBXFileReference; fileEncoding = 4; lastKnownFileType = sourcecode.swift; path = day13.swift; sourceTree = "<group>"; };
		A745B4A12B2AB9E400B81F55 /* day09test.swift */ = {isa = PBXFileReference; fileEncoding = 4; lastKnownFileType = sourcecode.swift; path = day09test.swift; sourceTree = "<group>"; };
		A745B4A22B2AB9E400B81F55 /* day08test.swift */ = {isa = PBXFileReference; fileEncoding = 4; lastKnownFileType = sourcecode.swift; path = day08test.swift; sourceTree = "<group>"; };
		A745B4A32B2AB9E400B81F55 /* day13test.swift */ = {isa = PBXFileReference; fileEncoding = 4; lastKnownFileType = sourcecode.swift; path = day13test.swift; sourceTree = "<group>"; };
		A745B4A42B2AB9E400B81F55 /* day12test.swift */ = {isa = PBXFileReference; fileEncoding = 4; lastKnownFileType = sourcecode.swift; path = day12test.swift; sourceTree = "<group>"; };
		A745B4A52B2AB9E400B81F55 /* day07test.swift */ = {isa = PBXFileReference; fileEncoding = 4; lastKnownFileType = sourcecode.swift; path = day07test.swift; sourceTree = "<group>"; };
		A745B4A62B2AB9E400B81F55 /* day11test.swift */ = {isa = PBXFileReference; fileEncoding = 4; lastKnownFileType = sourcecode.swift; path = day11test.swift; sourceTree = "<group>"; };
		A745B4A72B2AB9E400B81F55 /* day14test.swift */ = {isa = PBXFileReference; fileEncoding = 4; lastKnownFileType = sourcecode.swift; path = day14test.swift; sourceTree = "<group>"; };
		A745B4A82B2AB9E400B81F55 /* day10test.swift */ = {isa = PBXFileReference; fileEncoding = 4; lastKnownFileType = sourcecode.swift; path = day10test.swift; sourceTree = "<group>"; };
		A75CB8E12B340E790010F952 /* day21.swift */ = {isa = PBXFileReference; lastKnownFileType = sourcecode.swift; path = day21.swift; sourceTree = "<group>"; };
		A75CB8E32B340E940010F952 /* day21test.swift */ = {isa = PBXFileReference; lastKnownFileType = sourcecode.swift; path = day21test.swift; sourceTree = "<group>"; };
		A75CB8E62B3410640010F952 /* day21.txt */ = {isa = PBXFileReference; fileEncoding = 4; lastKnownFileType = text; path = day21.txt; sourceTree = "<group>"; };
		A764169F2B2AC4E10037D636 /* day14.swift */ = {isa = PBXFileReference; lastKnownFileType = sourcecode.swift; path = day14.swift; sourceTree = "<group>"; };
		A76416A22B2AC7790037D636 /* day14.txt */ = {isa = PBXFileReference; fileEncoding = 4; lastKnownFileType = text; path = day14.txt; sourceTree = "<group>"; };
		A76416A42B2C138C0037D636 /* day15.swift */ = {isa = PBXFileReference; lastKnownFileType = sourcecode.swift; path = day15.swift; sourceTree = "<group>"; };
		A76416A72B2C13A90037D636 /* day15test.swift */ = {isa = PBXFileReference; lastKnownFileType = sourcecode.swift; path = day15test.swift; sourceTree = "<group>"; };
		A76416A92B2C16250037D636 /* day15.txt */ = {isa = PBXFileReference; fileEncoding = 4; lastKnownFileType = text; path = day15.txt; sourceTree = "<group>"; };
		A76416AB2B2D77540037D636 /* day16.swift */ = {isa = PBXFileReference; lastKnownFileType = sourcecode.swift; path = day16.swift; sourceTree = "<group>"; };
		A76416AE2B2D77CF0037D636 /* day16test.swift */ = {isa = PBXFileReference; lastKnownFileType = sourcecode.swift; path = day16test.swift; sourceTree = "<group>"; };
		A76416B02B2D8A470037D636 /* day16.txt */ = {isa = PBXFileReference; fileEncoding = 4; lastKnownFileType = text; path = day16.txt; sourceTree = "<group>"; };
		A76416B32B2EB44D0037D636 /* day17.swift */ = {isa = PBXFileReference; lastKnownFileType = sourcecode.swift; path = day17.swift; sourceTree = "<group>"; };
		A76416B62B2EB46B0037D636 /* day17test.swift */ = {isa = PBXFileReference; lastKnownFileType = sourcecode.swift; path = day17test.swift; sourceTree = "<group>"; };
		A76416B82B2EBA040037D636 /* day17.txt */ = {isa = PBXFileReference; fileEncoding = 4; lastKnownFileType = text; path = day17.txt; sourceTree = "<group>"; };
		A7B850592B1DA1B30092B352 /* day04.swift */ = {isa = PBXFileReference; lastKnownFileType = sourcecode.swift; path = day04.swift; sourceTree = "<group>"; };
		A7B8505C2B1DA1CD0092B352 /* day04test.swift */ = {isa = PBXFileReference; lastKnownFileType = sourcecode.swift; path = day04test.swift; sourceTree = "<group>"; };
		A7B850602B1DB8AD0092B352 /* day04.txt */ = {isa = PBXFileReference; fileEncoding = 4; lastKnownFileType = text; path = day04.txt; sourceTree = "<group>"; };
		A7C213922B1EE83800435DEB /* day05.txt */ = {isa = PBXFileReference; fileEncoding = 4; lastKnownFileType = text; path = day05.txt; sourceTree = "<group>"; };
		A7C213932B1EE8A500435DEB /* day05test.swift */ = {isa = PBXFileReference; lastKnownFileType = sourcecode.swift; path = day05test.swift; sourceTree = "<group>"; };
		A7C213952B1EE9CB00435DEB /* day05.swift */ = {isa = PBXFileReference; lastKnownFileType = sourcecode.swift; path = day05.swift; sourceTree = "<group>"; };
		A7C341912B300C4000EA310A /* day18.swift */ = {isa = PBXFileReference; lastKnownFileType = sourcecode.swift; path = day18.swift; sourceTree = "<group>"; };
		A7C341932B300C9600EA310A /* day18test.swift */ = {isa = PBXFileReference; lastKnownFileType = sourcecode.swift; path = day18test.swift; sourceTree = "<group>"; };
		A7C341962B300D9900EA310A /* day18.txt */ = {isa = PBXFileReference; fileEncoding = 4; lastKnownFileType = text; path = day18.txt; sourceTree = "<group>"; };
		A7C341972B316D1100EA310A /* day19.swift */ = {isa = PBXFileReference; lastKnownFileType = sourcecode.swift; path = day19.swift; sourceTree = "<group>"; };
		A7C3419A2B316D2C00EA310A /* day19test.swift */ = {isa = PBXFileReference; lastKnownFileType = sourcecode.swift; path = day19test.swift; sourceTree = "<group>"; };
		A7C3419C2B32BD7C00EA310A /* day19.txt */ = {isa = PBXFileReference; fileEncoding = 4; lastKnownFileType = text; path = day19.txt; sourceTree = "<group>"; };
		A7C3419D2B32BD7C00EA310A /* day20.txt */ = {isa = PBXFileReference; fileEncoding = 4; lastKnownFileType = text; path = day20.txt; sourceTree = "<group>"; };
		A7C3419E2B32BE3700EA310A /* day20.swift */ = {isa = PBXFileReference; lastKnownFileType = sourcecode.swift; path = day20.swift; sourceTree = "<group>"; };
		A7C341A12B32BE5600EA310A /* day20test.swift */ = {isa = PBXFileReference; lastKnownFileType = sourcecode.swift; path = day20test.swift; sourceTree = "<group>"; };
		A7DEFD772B0FE5660068E876 /* aoc23 */ = {isa = PBXFileReference; explicitFileType = "compiled.mach-o.executable"; includeInIndex = 0; path = aoc23; sourceTree = BUILT_PRODUCTS_DIR; };
		A7DEFD7A2B0FE5660068E876 /* main.swift */ = {isa = PBXFileReference; lastKnownFileType = sourcecode.swift; path = main.swift; sourceTree = "<group>"; };
		A7DEFD812B0FE5F10068E876 /* day00.swift */ = {isa = PBXFileReference; lastKnownFileType = sourcecode.swift; path = day00.swift; sourceTree = "<group>"; };
		A7DEFD832B0FE7070068E876 /* DailySolution.swift */ = {isa = PBXFileReference; lastKnownFileType = sourcecode.swift; path = DailySolution.swift; sourceTree = "<group>"; };
		A7DEFD862B0FEFFC0068E876 /* day00.txt */ = {isa = PBXFileReference; lastKnownFileType = text; path = day00.txt; sourceTree = "<group>"; };
		A7DEFD872B19A07E0068E876 /* day01.swift */ = {isa = PBXFileReference; lastKnownFileType = sourcecode.swift; path = day01.swift; sourceTree = "<group>"; };
		A7DEFD8D2B19BAB50068E876 /* aoc23test.xctest */ = {isa = PBXFileReference; explicitFileType = wrapper.cfbundle; includeInIndex = 0; path = aoc23test.xctest; sourceTree = BUILT_PRODUCTS_DIR; };
		A7DEFD942B19BB190068E876 /* day01test.swift */ = {isa = PBXFileReference; lastKnownFileType = sourcecode.swift; path = day01test.swift; sourceTree = "<group>"; };
		A7DEFD9A2B19E5BD0068E876 /* day01.txt */ = {isa = PBXFileReference; fileEncoding = 4; lastKnownFileType = text; path = day01.txt; sourceTree = "<group>"; };
		A7DEFD9B2B1AFA7A0068E876 /* day02.swift */ = {isa = PBXFileReference; lastKnownFileType = sourcecode.swift; path = day02.swift; sourceTree = "<group>"; };
		A7DEFD9D2B1B17020068E876 /* day02test.swift */ = {isa = PBXFileReference; lastKnownFileType = sourcecode.swift; path = day02test.swift; sourceTree = "<group>"; };
		A7DEFDA02B1B19AA0068E876 /* day02.txt */ = {isa = PBXFileReference; lastKnownFileType = text; path = day02.txt; sourceTree = "<group>"; };
		A7DEFDA12B1C443C0068E876 /* day03.txt */ = {isa = PBXFileReference; lastKnownFileType = text; path = day03.txt; sourceTree = "<group>"; };
		A7DEFDA22B1C44FB0068E876 /* day03.swift */ = {isa = PBXFileReference; lastKnownFileType = sourcecode.swift; path = day03.swift; sourceTree = "<group>"; };
		A7DEFDA52B1C458B0068E876 /* day03test.swift */ = {isa = PBXFileReference; lastKnownFileType = sourcecode.swift; path = day03test.swift; sourceTree = "<group>"; };
/* End PBXFileReference section */

/* Begin PBXFrameworksBuildPhase section */
		A7DEFD742B0FE5660068E876 /* Frameworks */ = {
			isa = PBXFrameworksBuildPhase;
			buildActionMask = 2147483647;
			files = (
			);
			runOnlyForDeploymentPostprocessing = 0;
		};
		A7DEFD8A2B19BAB50068E876 /* Frameworks */ = {
			isa = PBXFrameworksBuildPhase;
			buildActionMask = 2147483647;
			files = (
			);
			runOnlyForDeploymentPostprocessing = 0;
		};
/* End PBXFrameworksBuildPhase section */

/* Begin PBXGroup section */
		A7DEFD6E2B0FE5660068E876 = {
			isa = PBXGroup;
			children = (
				A7DEFD852B0FEFCE0068E876 /* data */,
				A7DEFD792B0FE5660068E876 /* aoc23 */,
				A7DEFD8E2B19BAB50068E876 /* aoc23test */,
				A7DEFD782B0FE5660068E876 /* Products */,
			);
			sourceTree = "<group>";
		};
		A7DEFD782B0FE5660068E876 /* Products */ = {
			isa = PBXGroup;
			children = (
				A7DEFD772B0FE5660068E876 /* aoc23 */,
				A7DEFD8D2B19BAB50068E876 /* aoc23test.xctest */,
			);
			name = Products;
			sourceTree = "<group>";
		};
		A7DEFD792B0FE5660068E876 /* aoc23 */ = {
			isa = PBXGroup;
			children = (
				A7DEFD832B0FE7070068E876 /* DailySolution.swift */,
				A7DEFD7A2B0FE5660068E876 /* main.swift */,
				A7DEFD812B0FE5F10068E876 /* day00.swift */,
				A7DEFD872B19A07E0068E876 /* day01.swift */,
				A7DEFD9B2B1AFA7A0068E876 /* day02.swift */,
				A7DEFDA22B1C44FB0068E876 /* day03.swift */,
				A7B850592B1DA1B30092B352 /* day04.swift */,
				A7C213952B1EE9CB00435DEB /* day05.swift */,
				A70ED1AF2B20390A00EC1950 /* day06.swift */,
				A745B4942B2AB9BF00B81F55 /* day07.swift */,
				A745B4952B2AB9BF00B81F55 /* day08.swift */,
				A745B4962B2AB9BF00B81F55 /* day09.swift */,
				A745B4932B2AB9BF00B81F55 /* day10.swift */,
				A745B4972B2AB9BF00B81F55 /* day11.swift */,
				A745B4982B2AB9BF00B81F55 /* day12.swift */,
				A745B4992B2AB9BF00B81F55 /* day13.swift */,
				A764169F2B2AC4E10037D636 /* day14.swift */,
				A76416A42B2C138C0037D636 /* day15.swift */,
				A76416AB2B2D77540037D636 /* day16.swift */,
				A76416B32B2EB44D0037D636 /* day17.swift */,
				A7C341912B300C4000EA310A /* day18.swift */,
				A7C341972B316D1100EA310A /* day19.swift */,
				A7C3419E2B32BE3700EA310A /* day20.swift */,
				A75CB8E12B340E790010F952 /* day21.swift */,
			);
			path = aoc23;
			sourceTree = "<group>";
		};
		A7DEFD852B0FEFCE0068E876 /* data */ = {
			isa = PBXGroup;
			children = (
				A7DEFD862B0FEFFC0068E876 /* day00.txt */,
				A7DEFD9A2B19E5BD0068E876 /* day01.txt */,
				A7DEFDA02B1B19AA0068E876 /* day02.txt */,
				A7DEFDA12B1C443C0068E876 /* day03.txt */,
				A7B850602B1DB8AD0092B352 /* day04.txt */,
				A7C213922B1EE83800435DEB /* day05.txt */,
				A70ED1B42B2048BF00EC1950 /* day06.txt */,
				A745B4922B2AB9B000B81F55 /* day07.txt */,
				A745B4902B2AB9B000B81F55 /* day08.txt */,
				A745B48E2B2AB9B000B81F55 /* day09.txt */,
				A745B48F2B2AB9B000B81F55 /* day10.txt */,
				A745B48D2B2AB9B000B81F55 /* day11.txt */,
				A745B4912B2AB9B000B81F55 /* day12.txt */,
				A745B48C2B2AB9B000B81F55 /* day13.txt */,
				A76416A22B2AC7790037D636 /* day14.txt */,
				A76416A92B2C16250037D636 /* day15.txt */,
				A76416B02B2D8A470037D636 /* day16.txt */,
				A76416B82B2EBA040037D636 /* day17.txt */,
				A7C341962B300D9900EA310A /* day18.txt */,
				A7C3419C2B32BD7C00EA310A /* day19.txt */,
				A7C3419D2B32BD7C00EA310A /* day20.txt */,
				A75CB8E62B3410640010F952 /* day21.txt */,
			);
			path = data;
			sourceTree = "<group>";
		};
		A7DEFD8E2B19BAB50068E876 /* aoc23test */ = {
			isa = PBXGroup;
			children = (
				A7DEFD942B19BB190068E876 /* day01test.swift */,
				A7DEFD9D2B1B17020068E876 /* day02test.swift */,
				A7DEFDA52B1C458B0068E876 /* day03test.swift */,
				A7B8505C2B1DA1CD0092B352 /* day04test.swift */,
				A7C213932B1EE8A500435DEB /* day05test.swift */,
				A70ED1B22B20393100EC1950 /* day06test.swift */,
				A745B4A52B2AB9E400B81F55 /* day07test.swift */,
				A745B4A22B2AB9E400B81F55 /* day08test.swift */,
				A745B4A12B2AB9E400B81F55 /* day09test.swift */,
				A745B4A82B2AB9E400B81F55 /* day10test.swift */,
				A745B4A62B2AB9E400B81F55 /* day11test.swift */,
				A745B4A42B2AB9E400B81F55 /* day12test.swift */,
				A745B4A32B2AB9E400B81F55 /* day13test.swift */,
				A745B4A72B2AB9E400B81F55 /* day14test.swift */,
				A76416A72B2C13A90037D636 /* day15test.swift */,
				A76416AE2B2D77CF0037D636 /* day16test.swift */,
				A76416B62B2EB46B0037D636 /* day17test.swift */,
				A7C341932B300C9600EA310A /* day18test.swift */,
				A7C3419A2B316D2C00EA310A /* day19test.swift */,
				A7C341A12B32BE5600EA310A /* day20test.swift */,
				A75CB8E32B340E940010F952 /* day21test.swift */,
			);
			path = aoc23test;
			sourceTree = "<group>";
		};
/* End PBXGroup section */

/* Begin PBXNativeTarget section */
		A7DEFD762B0FE5660068E876 /* aoc23 */ = {
			isa = PBXNativeTarget;
			buildConfigurationList = A7DEFD7E2B0FE5660068E876 /* Build configuration list for PBXNativeTarget "aoc23" */;
			buildPhases = (
				A7DEFD732B0FE5660068E876 /* Sources */,
				A7DEFD742B0FE5660068E876 /* Frameworks */,
				A7DEFD752B0FE5660068E876 /* CopyFiles */,
			);
			buildRules = (
			);
			dependencies = (
			);
			name = aoc23;
			productName = aoc23;
			productReference = A7DEFD772B0FE5660068E876 /* aoc23 */;
			productType = "com.apple.product-type.tool";
		};
		A7DEFD8C2B19BAB50068E876 /* aoc23test */ = {
			isa = PBXNativeTarget;
			buildConfigurationList = A7DEFD912B19BAB50068E876 /* Build configuration list for PBXNativeTarget "aoc23test" */;
			buildPhases = (
				A7DEFD892B19BAB50068E876 /* Sources */,
				A7DEFD8A2B19BAB50068E876 /* Frameworks */,
				A7DEFD8B2B19BAB50068E876 /* Resources */,
			);
			buildRules = (
			);
			dependencies = (
			);
			name = aoc23test;
			productName = aoc23test;
			productReference = A7DEFD8D2B19BAB50068E876 /* aoc23test.xctest */;
			productType = "com.apple.product-type.bundle.unit-test";
		};
/* End PBXNativeTarget section */

/* Begin PBXProject section */
		A7DEFD6F2B0FE5660068E876 /* Project object */ = {
			isa = PBXProject;
			attributes = {
				BuildIndependentTargetsInParallel = 1;
				LastSwiftUpdateCheck = 1430;
				LastUpgradeCheck = 1510;
				TargetAttributes = {
					A7DEFD762B0FE5660068E876 = {
						CreatedOnToolsVersion = 14.3.1;
					};
					A7DEFD8C2B19BAB50068E876 = {
						CreatedOnToolsVersion = 14.3.1;
					};
				};
			};
			buildConfigurationList = A7DEFD722B0FE5660068E876 /* Build configuration list for PBXProject "aoc23" */;
			compatibilityVersion = "Xcode 14.0";
			developmentRegion = en;
			hasScannedForEncodings = 0;
			knownRegions = (
				en,
				Base,
			);
			mainGroup = A7DEFD6E2B0FE5660068E876;
			productRefGroup = A7DEFD782B0FE5660068E876 /* Products */;
			projectDirPath = "";
			projectRoot = "";
			targets = (
				A7DEFD762B0FE5660068E876 /* aoc23 */,
				A7DEFD8C2B19BAB50068E876 /* aoc23test */,
			);
		};
/* End PBXProject section */

/* Begin PBXResourcesBuildPhase section */
		A7DEFD8B2B19BAB50068E876 /* Resources */ = {
			isa = PBXResourcesBuildPhase;
			buildActionMask = 2147483647;
			files = (
				A7B850612B1DB8AD0092B352 /* day04.txt in Resources */,
				A76416B92B2EBA040037D636 /* day17.txt in Resources */,
				A76416B12B2D8A470037D636 /* day16.txt in Resources */,
				A76416AA2B2C16250037D636 /* day15.txt in Resources */,
			);
			runOnlyForDeploymentPostprocessing = 0;
		};
/* End PBXResourcesBuildPhase section */

/* Begin PBXSourcesBuildPhase section */
		A7DEFD732B0FE5660068E876 /* Sources */ = {
			isa = PBXSourcesBuildPhase;
			buildActionMask = 2147483647;
			files = (
				A7B8505A2B1DA1B30092B352 /* day04.swift in Sources */,
				A7C213962B1EE9CB00435DEB /* day05.swift in Sources */,
				A7C341922B300C4000EA310A /* day18.swift in Sources */,
				A745B49E2B2AB9BF00B81F55 /* day11.swift in Sources */,
				A745B49D2B2AB9BF00B81F55 /* day09.swift in Sources */,
				A70ED1B02B20390A00EC1950 /* day06.swift in Sources */,
				A7DEFD822B0FE5F10068E876 /* day00.swift in Sources */,
				A7DEFD9C2B1AFA7A0068E876 /* day02.swift in Sources */,
				A7DEFD882B19A07E0068E876 /* day01.swift in Sources */,
				A745B4A02B2AB9BF00B81F55 /* day13.swift in Sources */,
				A76416A02B2AC4E10037D636 /* day14.swift in Sources */,
				A7DEFD7B2B0FE5660068E876 /* main.swift in Sources */,
				A7C3419F2B32BE3700EA310A /* day20.swift in Sources */,
				A7DEFD842B0FE7070068E876 /* DailySolution.swift in Sources */,
				A745B49C2B2AB9BF00B81F55 /* day08.swift in Sources */,
				A745B49F2B2AB9BF00B81F55 /* day12.swift in Sources */,
				A76416A52B2C138C0037D636 /* day15.swift in Sources */,
				A7C341982B316D1100EA310A /* day19.swift in Sources */,
				A745B49B2B2AB9BF00B81F55 /* day07.swift in Sources */,
				A76416B42B2EB44D0037D636 /* day17.swift in Sources */,
				A76416AC2B2D77540037D636 /* day16.swift in Sources */,
				A7DEFDA32B1C44FB0068E876 /* day03.swift in Sources */,
				A745B49A2B2AB9BF00B81F55 /* day10.swift in Sources */,
				A75CB8E22B340E790010F952 /* day21.swift in Sources */,
			);
			runOnlyForDeploymentPostprocessing = 0;
		};
		A7DEFD892B19BAB50068E876 /* Sources */ = {
			isa = PBXSourcesBuildPhase;
			buildActionMask = 2147483647;
			files = (
				A745B4AB2B2AB9E400B81F55 /* day13test.swift in Sources */,
				A7DEFD992B19E31C0068E876 /* DailySolution.swift in Sources */,
				A745B4B42B2AB9FB00B81F55 /* day10.swift in Sources */,
				A76416A82B2C13A90037D636 /* day15test.swift in Sources */,
				A745B4A92B2AB9E400B81F55 /* day09test.swift in Sources */,
				A76416AD2B2D77540037D636 /* day16.swift in Sources */,
				A7B8505D2B1DA1CD0092B352 /* day04test.swift in Sources */,
				A7DEFD952B19BB190068E876 /* day01test.swift in Sources */,
				A76416B52B2EB44D0037D636 /* day17.swift in Sources */,
				A745B4AF2B2AB9E400B81F55 /* day14test.swift in Sources */,
				A7DEFD962B19E3110068E876 /* day01.swift in Sources */,
				A7DEFDA62B1C458B0068E876 /* day03test.swift in Sources */,
				A76416A12B2AC5B20037D636 /* day14.swift in Sources */,
				A76416A62B2C138C0037D636 /* day15.swift in Sources */,
				A7C341A02B32BE3700EA310A /* day20.swift in Sources */,
				A7DEFD982B19E3190068E876 /* main.swift in Sources */,
				A7C341942B300C9600EA310A /* day18test.swift in Sources */,
				A745B4B62B2AB9FB00B81F55 /* day12.swift in Sources */,
				A7DEFD9F2B1B187A0068E876 /* day02.swift in Sources */,
				A745B4AA2B2AB9E400B81F55 /* day08test.swift in Sources */,
				A7DEFD9E2B1B17020068E876 /* day02test.swift in Sources */,
				A745B4AC2B2AB9E400B81F55 /* day12test.swift in Sources */,
				A745B4AE2B2AB9E400B81F55 /* day11test.swift in Sources */,
				A7DEFD972B19E3150068E876 /* day00.swift in Sources */,
				A7C3419B2B316D2C00EA310A /* day19test.swift in Sources */,
				A76416B72B2EB46B0037D636 /* day17test.swift in Sources */,
				A7C213972B1EEA2000435DEB /* day05.swift in Sources */,
				A75CB8E42B340E940010F952 /* day21test.swift in Sources */,
				A70ED1B12B20391900EC1950 /* day06.swift in Sources */,
				A7C213942B1EE8A500435DEB /* day05test.swift in Sources */,
				A745B4B72B2AB9FB00B81F55 /* day11.swift in Sources */,
				A7B8505B2B1DA1B30092B352 /* day04.swift in Sources */,
				A7C341952B300CA300EA310A /* day18.swift in Sources */,
				A7DEFDA42B1C44FB0068E876 /* day03.swift in Sources */,
				A745B4B12B2AB9FB00B81F55 /* day08.swift in Sources */,
				A75CB8E52B340EA30010F952 /* day21.swift in Sources */,
				A70ED1B32B20393100EC1950 /* day06test.swift in Sources */,
				A76416AF2B2D77CF0037D636 /* day16test.swift in Sources */,
				A745B4B22B2AB9FB00B81F55 /* day13.swift in Sources */,
				A745B4AD2B2AB9E400B81F55 /* day07test.swift in Sources */,
				A745B4B52B2AB9FB00B81F55 /* day09.swift in Sources */,
				A745B4B02B2AB9E400B81F55 /* day10test.swift in Sources */,
				A7C341992B316D1100EA310A /* day19.swift in Sources */,
				A7C341A22B32BE5600EA310A /* day20test.swift in Sources */,
				A745B4B32B2AB9FB00B81F55 /* day07.swift in Sources */,
			);
			runOnlyForDeploymentPostprocessing = 0;
		};
/* End PBXSourcesBuildPhase section */

/* Begin XCBuildConfiguration section */
		A7DEFD7C2B0FE5660068E876 /* Debug */ = {
			isa = XCBuildConfiguration;
			buildSettings = {
				ALWAYS_SEARCH_USER_PATHS = NO;
				ASSETCATALOG_COMPILER_GENERATE_SWIFT_ASSET_SYMBOL_EXTENSIONS = YES;
				CLANG_ANALYZER_NONNULL = YES;
				CLANG_ANALYZER_NUMBER_OBJECT_CONVERSION = YES_AGGRESSIVE;
				CLANG_CXX_LANGUAGE_STANDARD = "gnu++20";
				CLANG_ENABLE_MODULES = YES;
				CLANG_ENABLE_OBJC_ARC = YES;
				CLANG_ENABLE_OBJC_WEAK = YES;
				CLANG_WARN_BLOCK_CAPTURE_AUTORELEASING = YES;
				CLANG_WARN_BOOL_CONVERSION = YES;
				CLANG_WARN_COMMA = YES;
				CLANG_WARN_CONSTANT_CONVERSION = YES;
				CLANG_WARN_DEPRECATED_OBJC_IMPLEMENTATIONS = YES;
				CLANG_WARN_DIRECT_OBJC_ISA_USAGE = YES_ERROR;
				CLANG_WARN_DOCUMENTATION_COMMENTS = YES;
				CLANG_WARN_EMPTY_BODY = YES;
				CLANG_WARN_ENUM_CONVERSION = YES;
				CLANG_WARN_INFINITE_RECURSION = YES;
				CLANG_WARN_INT_CONVERSION = YES;
				CLANG_WARN_NON_LITERAL_NULL_CONVERSION = YES;
				CLANG_WARN_OBJC_IMPLICIT_RETAIN_SELF = YES;
				CLANG_WARN_OBJC_LITERAL_CONVERSION = YES;
				CLANG_WARN_OBJC_ROOT_CLASS = YES_ERROR;
				CLANG_WARN_QUOTED_INCLUDE_IN_FRAMEWORK_HEADER = YES;
				CLANG_WARN_RANGE_LOOP_ANALYSIS = YES;
				CLANG_WARN_STRICT_PROTOTYPES = YES;
				CLANG_WARN_SUSPICIOUS_MOVE = YES;
				CLANG_WARN_UNGUARDED_AVAILABILITY = YES_AGGRESSIVE;
				CLANG_WARN_UNREACHABLE_CODE = YES;
				CLANG_WARN__DUPLICATE_METHOD_MATCH = YES;
				COPY_PHASE_STRIP = NO;
				DEAD_CODE_STRIPPING = YES;
				DEBUG_INFORMATION_FORMAT = dwarf;
				ENABLE_STRICT_OBJC_MSGSEND = YES;
				ENABLE_TESTABILITY = YES;
				ENABLE_USER_SCRIPT_SANDBOXING = YES;
				GCC_C_LANGUAGE_STANDARD = gnu11;
				GCC_DYNAMIC_NO_PIC = NO;
				GCC_NO_COMMON_BLOCKS = YES;
				GCC_OPTIMIZATION_LEVEL = 0;
				GCC_PREPROCESSOR_DEFINITIONS = (
					"DEBUG=1",
					"$(inherited)",
				);
				GCC_WARN_64_TO_32_BIT_CONVERSION = YES;
				GCC_WARN_ABOUT_RETURN_TYPE = YES_ERROR;
				GCC_WARN_UNDECLARED_SELECTOR = YES;
				GCC_WARN_UNINITIALIZED_AUTOS = YES_AGGRESSIVE;
				GCC_WARN_UNUSED_FUNCTION = YES;
				GCC_WARN_UNUSED_VARIABLE = YES;
				MACOSX_DEPLOYMENT_TARGET = 13.2;
				MTL_ENABLE_DEBUG_INFO = INCLUDE_SOURCE;
				MTL_FAST_MATH = YES;
				ONLY_ACTIVE_ARCH = YES;
				SDKROOT = macosx;
				SWIFT_ACTIVE_COMPILATION_CONDITIONS = DEBUG;
				SWIFT_OPTIMIZATION_LEVEL = "-Onone";
			};
			name = Debug;
		};
		A7DEFD7D2B0FE5660068E876 /* Release */ = {
			isa = XCBuildConfiguration;
			buildSettings = {
				ALWAYS_SEARCH_USER_PATHS = NO;
				ASSETCATALOG_COMPILER_GENERATE_SWIFT_ASSET_SYMBOL_EXTENSIONS = YES;
				CLANG_ANALYZER_NONNULL = YES;
				CLANG_ANALYZER_NUMBER_OBJECT_CONVERSION = YES_AGGRESSIVE;
				CLANG_CXX_LANGUAGE_STANDARD = "gnu++20";
				CLANG_ENABLE_MODULES = YES;
				CLANG_ENABLE_OBJC_ARC = YES;
				CLANG_ENABLE_OBJC_WEAK = YES;
				CLANG_WARN_BLOCK_CAPTURE_AUTORELEASING = YES;
				CLANG_WARN_BOOL_CONVERSION = YES;
				CLANG_WARN_COMMA = YES;
				CLANG_WARN_CONSTANT_CONVERSION = YES;
				CLANG_WARN_DEPRECATED_OBJC_IMPLEMENTATIONS = YES;
				CLANG_WARN_DIRECT_OBJC_ISA_USAGE = YES_ERROR;
				CLANG_WARN_DOCUMENTATION_COMMENTS = YES;
				CLANG_WARN_EMPTY_BODY = YES;
				CLANG_WARN_ENUM_CONVERSION = YES;
				CLANG_WARN_INFINITE_RECURSION = YES;
				CLANG_WARN_INT_CONVERSION = YES;
				CLANG_WARN_NON_LITERAL_NULL_CONVERSION = YES;
				CLANG_WARN_OBJC_IMPLICIT_RETAIN_SELF = YES;
				CLANG_WARN_OBJC_LITERAL_CONVERSION = YES;
				CLANG_WARN_OBJC_ROOT_CLASS = YES_ERROR;
				CLANG_WARN_QUOTED_INCLUDE_IN_FRAMEWORK_HEADER = YES;
				CLANG_WARN_RANGE_LOOP_ANALYSIS = YES;
				CLANG_WARN_STRICT_PROTOTYPES = YES;
				CLANG_WARN_SUSPICIOUS_MOVE = YES;
				CLANG_WARN_UNGUARDED_AVAILABILITY = YES_AGGRESSIVE;
				CLANG_WARN_UNREACHABLE_CODE = YES;
				CLANG_WARN__DUPLICATE_METHOD_MATCH = YES;
				COPY_PHASE_STRIP = NO;
				DEAD_CODE_STRIPPING = YES;
				DEBUG_INFORMATION_FORMAT = "dwarf-with-dsym";
				ENABLE_NS_ASSERTIONS = NO;
				ENABLE_STRICT_OBJC_MSGSEND = YES;
				ENABLE_USER_SCRIPT_SANDBOXING = YES;
				GCC_C_LANGUAGE_STANDARD = gnu11;
				GCC_NO_COMMON_BLOCKS = YES;
				GCC_WARN_64_TO_32_BIT_CONVERSION = YES;
				GCC_WARN_ABOUT_RETURN_TYPE = YES_ERROR;
				GCC_WARN_UNDECLARED_SELECTOR = YES;
				GCC_WARN_UNINITIALIZED_AUTOS = YES_AGGRESSIVE;
				GCC_WARN_UNUSED_FUNCTION = YES;
				GCC_WARN_UNUSED_VARIABLE = YES;
				MACOSX_DEPLOYMENT_TARGET = 13.2;
				MTL_ENABLE_DEBUG_INFO = NO;
				MTL_FAST_MATH = YES;
				SDKROOT = macosx;
				SWIFT_COMPILATION_MODE = wholemodule;
				SWIFT_OPTIMIZATION_LEVEL = "-O";
			};
			name = Release;
		};
		A7DEFD7F2B0FE5660068E876 /* Debug */ = {
			isa = XCBuildConfiguration;
			buildSettings = {
				CODE_SIGN_STYLE = Automatic;
				DEAD_CODE_STRIPPING = YES;
				DEVELOPMENT_TEAM = 86BMXGB2YM;
				ENABLE_HARDENED_RUNTIME = YES;
				MACOSX_DEPLOYMENT_TARGET = 13.2;
				PRODUCT_NAME = "$(TARGET_NAME)";
				SWIFT_VERSION = 5.0;
			};
			name = Debug;
		};
		A7DEFD802B0FE5660068E876 /* Release */ = {
			isa = XCBuildConfiguration;
			buildSettings = {
				CODE_SIGN_STYLE = Automatic;
				DEAD_CODE_STRIPPING = YES;
				DEVELOPMENT_TEAM = 86BMXGB2YM;
				ENABLE_HARDENED_RUNTIME = YES;
				MACOSX_DEPLOYMENT_TARGET = 13.2;
				PRODUCT_NAME = "$(TARGET_NAME)";
				SWIFT_VERSION = 5.0;
			};
			name = Release;
		};
		A7DEFD922B19BAB50068E876 /* Debug */ = {
			isa = XCBuildConfiguration;
			buildSettings = {
				CODE_SIGN_STYLE = Automatic;
				CURRENT_PROJECT_VERSION = 1;
				DEAD_CODE_STRIPPING = YES;
				DEVELOPMENT_TEAM = 86BMXGB2YM;
				GENERATE_INFOPLIST_FILE = YES;
				MARKETING_VERSION = 1.0;
				PRODUCT_BUNDLE_IDENTIFIER = de.dokoliho.aoc23test;
				PRODUCT_NAME = "$(TARGET_NAME)";
				SWIFT_EMIT_LOC_STRINGS = NO;
				SWIFT_VERSION = 5.0;
			};
			name = Debug;
		};
		A7DEFD932B19BAB50068E876 /* Release */ = {
			isa = XCBuildConfiguration;
			buildSettings = {
				CODE_SIGN_STYLE = Automatic;
				CURRENT_PROJECT_VERSION = 1;
				DEAD_CODE_STRIPPING = YES;
				DEVELOPMENT_TEAM = 86BMXGB2YM;
				GENERATE_INFOPLIST_FILE = YES;
				MARKETING_VERSION = 1.0;
				PRODUCT_BUNDLE_IDENTIFIER = de.dokoliho.aoc23test;
				PRODUCT_NAME = "$(TARGET_NAME)";
				SWIFT_EMIT_LOC_STRINGS = NO;
				SWIFT_VERSION = 5.0;
			};
			name = Release;
		};
/* End XCBuildConfiguration section */

/* Begin XCConfigurationList section */
		A7DEFD722B0FE5660068E876 /* Build configuration list for PBXProject "aoc23" */ = {
			isa = XCConfigurationList;
			buildConfigurations = (
				A7DEFD7C2B0FE5660068E876 /* Debug */,
				A7DEFD7D2B0FE5660068E876 /* Release */,
			);
			defaultConfigurationIsVisible = 0;
			defaultConfigurationName = Release;
		};
		A7DEFD7E2B0FE5660068E876 /* Build configuration list for PBXNativeTarget "aoc23" */ = {
			isa = XCConfigurationList;
			buildConfigurations = (
				A7DEFD7F2B0FE5660068E876 /* Debug */,
				A7DEFD802B0FE5660068E876 /* Release */,
			);
			defaultConfigurationIsVisible = 0;
			defaultConfigurationName = Release;
		};
		A7DEFD912B19BAB50068E876 /* Build configuration list for PBXNativeTarget "aoc23test" */ = {
			isa = XCConfigurationList;
			buildConfigurations = (
				A7DEFD922B19BAB50068E876 /* Debug */,
				A7DEFD932B19BAB50068E876 /* Release */,
			);
			defaultConfigurationIsVisible = 0;
			defaultConfigurationName = Release;
		};
/* End XCConfigurationList section */
	};
	rootObject = A7DEFD6F2B0FE5660068E876 /* Project object */;
}
